
Microsoft Visual Studio Solution File, Format Version 12.00
# Visual Studio 15
VisualStudioVersion = 15.0.27428.2037
MinimumVisualStudioVersion = 10.0.40219.1
Project("{FAE04EC0-301F-11D3-BF4B-00C04F79EFBC}") = "SimpliarSQL.NET", "SimpliarSQL.NET\SimpliarSQL.NET.csproj", "{4AB46EB5-4F28-49E3-AF74-991E0850C03E}"
EndProject
Global
	GlobalSection(SolutionConfigurationPlatforms) = preSolution
		Debug|Any CPU = Debug|Any CPU
		Release|Any CPU = Release|Any CPU
	EndGlobalSection
	GlobalSection(ProjectConfigurationPlatforms) = postSolution
		{4AB46EB5-4F28-49E3-AF74-991E0850C03E}.Debug|Any CPU.ActiveCfg = Debug|Any CPU
		{4AB46EB5-4F28-49E3-AF74-991E0850C03E}.Debug|Any CPU.Build.0 = Debug|Any CPU
		{4AB46EB5-4F28-49E3-AF74-991E0850C03E}.Release|Any CPU.ActiveCfg = Release|Any CPU
		{4AB46EB5-4F28-49E3-AF74-991E0850C03E}.Release|Any CPU.Build.0 = Release|Any CPU
	EndGlobalSection
	GlobalSection(SolutionProperties) = preSolution
		HideSolutionNode = FALSE
	EndGlobalSection
	GlobalSection(ExtensibilityGlobals) = postSolution
		SolutionGuid = {FC44556D-1AB8-4E0D-83AB-6149C4546395}
	EndGlobalSection
EndGlobal
